// !$*UTF8*$!
{
	archiveVersion = 1;
	classes = {
	};
	objectVersion = 46;
	objects = {

/* Begin PBXBuildFile section */
		792C23451AF00FE300B64E34 /* HomeViewController.m in Sources */ = {isa = PBXBuildFile; fileRef = 792C23441AF00FE300B64E34 /* HomeViewController.m */; };
		792C23481AF00FE300B64E34 /* teste.png in Resources */ = {isa = PBXBuildFile; fileRef = 792C23471AF00FE300B64E34 /* teste.png */; };
		794784211AEFFAB200DAD94E /* main.m in Sources */ = {isa = PBXBuildFile; fileRef = 794784201AEFFAB200DAD94E /* main.m */; };
		794784241AEFFAB200DAD94E /* AppDelegate.m in Sources */ = {isa = PBXBuildFile; fileRef = 794784231AEFFAB200DAD94E /* AppDelegate.m */; };
		794784271AEFFAB200DAD94E /* Jinkings.xcdatamodeld in Sources */ = {isa = PBXBuildFile; fileRef = 794784251AEFFAB200DAD94E /* Jinkings.xcdatamodeld */; };
		794784301AEFFAB200DAD94E /* Main.storyboard in Resources */ = {isa = PBXBuildFile; fileRef = 7947842E1AEFFAB200DAD94E /* Main.storyboard */; };
		794784321AEFFAB200DAD94E /* Images.xcassets in Resources */ = {isa = PBXBuildFile; fileRef = 794784311AEFFAB200DAD94E /* Images.xcassets */; };
		794784411AEFFAB200DAD94E /* JinkingsTests.m in Sources */ = {isa = PBXBuildFile; fileRef = 794784401AEFFAB200DAD94E /* JinkingsTests.m */; };
		7959169B1AEADE6F007EB68D /* Launchscreen.xib in Resources */ = {isa = PBXBuildFile; fileRef = 795916991AEADE6F007EB68D /* Launchscreen.xib */; };
		83B1A7B09D49280A885BBFC7 /* libPods-Jinkings.a in Frameworks */ = {isa = PBXBuildFile; fileRef = 86B846BB5412E1FCB9C80C46 /* libPods-Jinkings.a */; };
/* End PBXBuildFile section */

/* Begin PBXContainerItemProxy section */
		7947843B1AEFFAB200DAD94E /* PBXContainerItemProxy */ = {
			isa = PBXContainerItemProxy;
			containerPortal = 794784131AEFFAB100DAD94E /* Project object */;
			proxyType = 1;
			remoteGlobalIDString = 7947841A1AEFFAB100DAD94E;
			remoteInfo = Jinkings;
		};
/* End PBXContainerItemProxy section */

/* Begin PBXFileReference section */
		106D151F650052CB3075C04C /* Pods-Jinkings.debug.xcconfig */ = {isa = PBXFileReference; includeInIndex = 1; lastKnownFileType = text.xcconfig; name = "Pods-Jinkings.debug.xcconfig"; path = "Pods/Target Support Files/Pods-Jinkings/Pods-Jinkings.debug.xcconfig"; sourceTree = "<group>"; };
		65C0ABF3F82B6EBCA22AF590 /* Pods-Jinkings.release.xcconfig */ = {isa = PBXFileReference; includeInIndex = 1; lastKnownFileType = text.xcconfig; name = "Pods-Jinkings.release.xcconfig"; path = "Pods/Target Support Files/Pods-Jinkings/Pods-Jinkings.release.xcconfig"; sourceTree = "<group>"; };
		792C23431AF00FE300B64E34 /* HomeViewController.h */ = {isa = PBXFileReference; fileEncoding = 4; lastKnownFileType = sourcecode.c.h; path = HomeViewController.h; sourceTree = "<group>"; };
		792C23441AF00FE300B64E34 /* HomeViewController.m */ = {isa = PBXFileReference; fileEncoding = 4; lastKnownFileType = sourcecode.c.objc; path = HomeViewController.m; sourceTree = "<group>"; };
		792C23471AF00FE300B64E34 /* teste.png */ = {isa = PBXFileReference; lastKnownFileType = image.png; path = teste.png; sourceTree = "<group>"; };
		7947841B1AEFFAB100DAD94E /* Jinkings.app */ = {isa = PBXFileReference; explicitFileType = wrapper.application; includeInIndex = 0; path = Jinkings.app; sourceTree = BUILT_PRODUCTS_DIR; };
		7947841F1AEFFAB200DAD94E /* Info.plist */ = {isa = PBXFileReference; lastKnownFileType = text.plist.xml; path = Info.plist; sourceTree = "<group>"; };
		794784201AEFFAB200DAD94E /* main.m */ = {isa = PBXFileReference; lastKnownFileType = sourcecode.c.objc; path = main.m; sourceTree = "<group>"; };
		794784221AEFFAB200DAD94E /* AppDelegate.h */ = {isa = PBXFileReference; lastKnownFileType = sourcecode.c.h; path = AppDelegate.h; sourceTree = "<group>"; };
		794784231AEFFAB200DAD94E /* AppDelegate.m */ = {isa = PBXFileReference; lastKnownFileType = sourcecode.c.objc; path = AppDelegate.m; sourceTree = "<group>"; };
		794784261AEFFAB200DAD94E /* Jinkings.xcdatamodel */ = {isa = PBXFileReference; lastKnownFileType = wrapper.xcdatamodel; path = Jinkings.xcdatamodel; sourceTree = "<group>"; };
		7947842F1AEFFAB200DAD94E /* Base */ = {isa = PBXFileReference; lastKnownFileType = file.storyboard; name = Base; path = Base.lproj/Main.storyboard; sourceTree = "<group>"; };
		794784311AEFFAB200DAD94E /* Images.xcassets */ = {isa = PBXFileReference; lastKnownFileType = folder.assetcatalog; path = Images.xcassets; sourceTree = "<group>"; };
		7947843A1AEFFAB200DAD94E /* JinkingsTests.xctest */ = {isa = PBXFileReference; explicitFileType = wrapper.cfbundle; includeInIndex = 0; path = JinkingsTests.xctest; sourceTree = BUILT_PRODUCTS_DIR; };
		7947843F1AEFFAB200DAD94E /* Info.plist */ = {isa = PBXFileReference; lastKnownFileType = text.plist.xml; path = Info.plist; sourceTree = "<group>"; };
		794784401AEFFAB200DAD94E /* JinkingsTests.m */ = {isa = PBXFileReference; lastKnownFileType = sourcecode.c.objc; path = JinkingsTests.m; sourceTree = "<group>"; };
		7959169A1AEADE6F007EB68D /* Base */ = {isa = PBXFileReference; lastKnownFileType = file.xib; name = Base; path = Base.lproj/Launchscreen.xib; sourceTree = "<group>"; };
		86B846BB5412E1FCB9C80C46 /* libPods-Jinkings.a */ = {isa = PBXFileReference; explicitFileType = archive.ar; includeInIndex = 0; path = "libPods-Jinkings.a"; sourceTree = BUILT_PRODUCTS_DIR; };
/* End PBXFileReference section */

/* Begin PBXFrameworksBuildPhase section */
		794784181AEFFAB100DAD94E /* Frameworks */ = {
			isa = PBXFrameworksBuildPhase;
			buildActionMask = 2147483647;
			files = (
				83B1A7B09D49280A885BBFC7 /* libPods-Jinkings.a in Frameworks */,
			);
			runOnlyForDeploymentPostprocessing = 0;
		};
		794784371AEFFAB200DAD94E /* Frameworks */ = {
			isa = PBXFrameworksBuildPhase;
			buildActionMask = 2147483647;
			files = (
			);
			runOnlyForDeploymentPostprocessing = 0;
		};
/* End PBXFrameworksBuildPhase section */

/* Begin PBXGroup section */
		06E177F0C2E970D082A957F1 /* Pods */ = {
			isa = PBXGroup;
			children = (
				106D151F650052CB3075C04C /* Pods-Jinkings.debug.xcconfig */,
				65C0ABF3F82B6EBCA22AF590 /* Pods-Jinkings.release.xcconfig */,
			);
			name = Pods;
			sourceTree = "<group>";
		};
		792C233F1AF00F3800B64E34 /* Components */ = {
			isa = PBXGroup;
			children = (
			);
			path = Components;
			sourceTree = "<group>";
		};
		792C23401AF00F3800B64E34 /* Domain */ = {
			isa = PBXGroup;
			children = (
			);
			path = Domain;
			sourceTree = "<group>";
		};
		792C23411AF00F3800B64E34 /* Services */ = {
			isa = PBXGroup;
			children = (
			);
			path = Services;
			sourceTree = "<group>";
		};
		792C23421AF00F3800B64E34 /* View Controllers */ = {
			isa = PBXGroup;
			children = (
				792C23431AF00FE300B64E34 /* HomeViewController.h */,
				792C23441AF00FE300B64E34 /* HomeViewController.m */,
			);
			path = "View Controllers";
			sourceTree = "<group>";
		};
		792C23461AF00FE300B64E34 /* images */ = {
			isa = PBXGroup;
			children = (
				792C23471AF00FE300B64E34 /* teste.png */,
			);
			path = images;
			sourceTree = "<group>";
		};
		794784121AEFFAB100DAD94E = {
			isa = PBXGroup;
			children = (
				7947841D1AEFFAB100DAD94E /* Jinkings */,
				7947843D1AEFFAB200DAD94E /* JinkingsTests */,
				7947841C1AEFFAB100DAD94E /* Products */,
				06E177F0C2E970D082A957F1 /* Pods */,
				DBA51FEBBD24B19797C3E812 /* Frameworks */,
			);
			sourceTree = "<group>";
		};
		7947841C1AEFFAB100DAD94E /* Products */ = {
			isa = PBXGroup;
			children = (
				7947841B1AEFFAB100DAD94E /* Jinkings.app */,
				7947843A1AEFFAB200DAD94E /* JinkingsTests.xctest */,
			);
			name = Products;
			sourceTree = "<group>";
		};
		7947841D1AEFFAB100DAD94E /* Jinkings */ = {
			isa = PBXGroup;
			children = (
				794784221AEFFAB200DAD94E /* AppDelegate.h */,
				794784231AEFFAB200DAD94E /* AppDelegate.m */,
				7947842E1AEFFAB200DAD94E /* Main.storyboard */,
				794784311AEFFAB200DAD94E /* Images.xcassets */,
				794784251AEFFAB200DAD94E /* Jinkings.xcdatamodeld */,
				792C23461AF00FE300B64E34 /* images */,
				792C233F1AF00F3800B64E34 /* Components */,
				792C23401AF00F3800B64E34 /* Domain */,
				792C23411AF00F3800B64E34 /* Services */,
				792C23421AF00F3800B64E34 /* View Controllers */,
				7947841E1AEFFAB200DAD94E /* Supporting Files */,
				795916991AEADE6F007EB68D /* Launchscreen.xib */,
			);
			path = Jinkings;
			sourceTree = "<group>";
		};
		7947841E1AEFFAB200DAD94E /* Supporting Files */ = {
			isa = PBXGroup;
			children = (
				7947841F1AEFFAB200DAD94E /* Info.plist */,
				794784201AEFFAB200DAD94E /* main.m */,
			);
			name = "Supporting Files";
			sourceTree = "<group>";
		};
		7947843D1AEFFAB200DAD94E /* JinkingsTests */ = {
			isa = PBXGroup;
			children = (
				794784401AEFFAB200DAD94E /* JinkingsTests.m */,
				7947843E1AEFFAB200DAD94E /* Supporting Files */,
			);
			path = JinkingsTests;
			sourceTree = "<group>";
		};
		7947843E1AEFFAB200DAD94E /* Supporting Files */ = {
			isa = PBXGroup;
			children = (
				7947843F1AEFFAB200DAD94E /* Info.plist */,
			);
			name = "Supporting Files";
			sourceTree = "<group>";
		};
		DBA51FEBBD24B19797C3E812 /* Frameworks */ = {
			isa = PBXGroup;
			children = (
				86B846BB5412E1FCB9C80C46 /* libPods-Jinkings.a */,
			);
			name = Frameworks;
			sourceTree = "<group>";
		};
/* End PBXGroup section */

/* Begin PBXNativeTarget section */
		7947841A1AEFFAB100DAD94E /* Jinkings */ = {
			isa = PBXNativeTarget;
			buildConfigurationList = 794784441AEFFAB200DAD94E /* Build configuration list for PBXNativeTarget "Jinkings" */;
			buildPhases = (
				B2CC132C08D8905ED6EDFB76 /* Check Pods Manifest.lock */,
				794784171AEFFAB100DAD94E /* Sources */,
				794784181AEFFAB100DAD94E /* Frameworks */,
				794784191AEFFAB100DAD94E /* Resources */,
				2841B5802805732A77CEC287 /* Copy Pods Resources */,
			);
			buildRules = (
			);
			dependencies = (
			);
			name = Jinkings;
			productName = Jinkings;
			productReference = 7947841B1AEFFAB100DAD94E /* Jinkings.app */;
			productType = "com.apple.product-type.application";
		};
		794784391AEFFAB200DAD94E /* JinkingsTests */ = {
			isa = PBXNativeTarget;
			buildConfigurationList = 794784471AEFFAB200DAD94E /* Build configuration list for PBXNativeTarget "JinkingsTests" */;
			buildPhases = (
				794784361AEFFAB200DAD94E /* Sources */,
				794784371AEFFAB200DAD94E /* Frameworks */,
				794784381AEFFAB200DAD94E /* Resources */,
			);
			buildRules = (
			);
			dependencies = (
				7947843C1AEFFAB200DAD94E /* PBXTargetDependency */,
			);
			name = JinkingsTests;
			productName = JinkingsTests;
			productReference = 7947843A1AEFFAB200DAD94E /* JinkingsTests.xctest */;
			productType = "com.apple.product-type.bundle.unit-test";
		};
/* End PBXNativeTarget section */

/* Begin PBXProject section */
		794784131AEFFAB100DAD94E /* Project object */ = {
			isa = PBXProject;
			attributes = {
				LastUpgradeCheck = 0630;
				ORGANIZATIONNAME = "Guilherme Assis";
				TargetAttributes = {
					7947841A1AEFFAB100DAD94E = {
						CreatedOnToolsVersion = 6.3;
					};
					794784391AEFFAB200DAD94E = {
						CreatedOnToolsVersion = 6.3;
						TestTargetID = 7947841A1AEFFAB100DAD94E;
					};
				};
			};
			buildConfigurationList = 794784161AEFFAB100DAD94E /* Build configuration list for PBXProject "Jinkings" */;
			compatibilityVersion = "Xcode 3.2";
			developmentRegion = English;
			hasScannedForEncodings = 0;
			knownRegions = (
				en,
				Base,
			);
			mainGroup = 794784121AEFFAB100DAD94E;
			productRefGroup = 7947841C1AEFFAB100DAD94E /* Products */;
			projectDirPath = "";
			projectRoot = "";
			targets = (
				7947841A1AEFFAB100DAD94E /* Jinkings */,
				794784391AEFFAB200DAD94E /* JinkingsTests */,
			);
		};
/* End PBXProject section */

/* Begin PBXResourcesBuildPhase section */
		794784191AEFFAB100DAD94E /* Resources */ = {
			isa = PBXResourcesBuildPhase;
			buildActionMask = 2147483647;
			files = (
				7959169B1AEADE6F007EB68D /* Launchscreen.xib in Resources */,
				794784301AEFFAB200DAD94E /* Main.storyboard in Resources */,
				792C23481AF00FE300B64E34 /* teste.png in Resources */,
				794784321AEFFAB200DAD94E /* Images.xcassets in Resources */,
			);
			runOnlyForDeploymentPostprocessing = 0;
		};
		794784381AEFFAB200DAD94E /* Resources */ = {
			isa = PBXResourcesBuildPhase;
			buildActionMask = 2147483647;
			files = (
			);
			runOnlyForDeploymentPostprocessing = 0;
		};
/* End PBXResourcesBuildPhase section */

/* Begin PBXShellScriptBuildPhase section */
		2841B5802805732A77CEC287 /* Copy Pods Resources */ = {
			isa = PBXShellScriptBuildPhase;
			buildActionMask = 2147483647;
			files = (
			);
			inputPaths = (
			);
			name = "Copy Pods Resources";
			outputPaths = (
			);
			runOnlyForDeploymentPostprocessing = 0;
			shellPath = /bin/sh;
			shellScript = "\"${SRCROOT}/Pods/Target Support Files/Pods-Jinkings/Pods-Jinkings-resources.sh\"\n";
			showEnvVarsInLog = 0;
		};
		B2CC132C08D8905ED6EDFB76 /* Check Pods Manifest.lock */ = {
			isa = PBXShellScriptBuildPhase;
			buildActionMask = 2147483647;
			files = (
			);
			inputPaths = (
			);
			name = "Check Pods Manifest.lock";
			outputPaths = (
			);
			runOnlyForDeploymentPostprocessing = 0;
			shellPath = /bin/sh;
			shellScript = "diff \"${PODS_ROOT}/../Podfile.lock\" \"${PODS_ROOT}/Manifest.lock\" > /dev/null\nif [[ $? != 0 ]] ; then\n    cat << EOM\nerror: The sandbox is not in sync with the Podfile.lock. Run 'pod install' or update your CocoaPods installation.\nEOM\n    exit 1\nfi\n";
			showEnvVarsInLog = 0;
		};
/* End PBXShellScriptBuildPhase section */

/* Begin PBXSourcesBuildPhase section */
		794784171AEFFAB100DAD94E /* Sources */ = {
			isa = PBXSourcesBuildPhase;
			buildActionMask = 2147483647;
			files = (
				794784241AEFFAB200DAD94E /* AppDelegate.m in Sources */,
				794784211AEFFAB200DAD94E /* main.m in Sources */,
				794784271AEFFAB200DAD94E /* Jinkings.xcdatamodeld in Sources */,
				792C23451AF00FE300B64E34 /* HomeViewController.m in Sources */,
			);
			runOnlyForDeploymentPostprocessing = 0;
		};
		794784361AEFFAB200DAD94E /* Sources */ = {
			isa = PBXSourcesBuildPhase;
			buildActionMask = 2147483647;
			files = (
				794784411AEFFAB200DAD94E /* JinkingsTests.m in Sources */,
			);
			runOnlyForDeploymentPostprocessing = 0;
		};
/* End PBXSourcesBuildPhase section */

/* Begin PBXTargetDependency section */
		7947843C1AEFFAB200DAD94E /* PBXTargetDependency */ = {
			isa = PBXTargetDependency;
			target = 7947841A1AEFFAB100DAD94E /* Jinkings */;
			targetProxy = 7947843B1AEFFAB200DAD94E /* PBXContainerItemProxy */;
		};
/* End PBXTargetDependency section */

/* Begin PBXVariantGroup section */
		7947842E1AEFFAB200DAD94E /* Main.storyboard */ = {
			isa = PBXVariantGroup;
			children = (
				7947842F1AEFFAB200DAD94E /* Base */,
			);
			name = Main.storyboard;
			sourceTree = "<group>";
		};
		795916991AEADE6F007EB68D /* Launchscreen.xib */ = {
			isa = PBXVariantGroup;
			children = (
				7959169A1AEADE6F007EB68D /* Base */,
			);
			name = Launchscreen.xib;
			sourceTree = "<group>";
		};
/* End PBXVariantGroup section */

/* Begin XCBuildConfiguration section */
		794784421AEFFAB200DAD94E /* Debug */ = {
			isa = XCBuildConfiguration;
			buildSettings = {
				ALWAYS_SEARCH_USER_PATHS = NO;
				CLANG_CXX_LANGUAGE_STANDARD = "gnu++0x";
				CLANG_CXX_LIBRARY = "libc++";
				CLANG_ENABLE_MODULES = YES;
				CLANG_ENABLE_OBJC_ARC = YES;
				CLANG_WARN_BOOL_CONVERSION = YES;
				CLANG_WARN_CONSTANT_CONVERSION = YES;
				CLANG_WARN_DIRECT_OBJC_ISA_USAGE = YES_ERROR;
				CLANG_WARN_EMPTY_BODY = YES;
				CLANG_WARN_ENUM_CONVERSION = YES;
				CLANG_WARN_INT_CONVERSION = YES;
				CLANG_WARN_OBJC_ROOT_CLASS = YES_ERROR;
				CLANG_WARN_UNREACHABLE_CODE = YES;
				CLANG_WARN__DUPLICATE_METHOD_MATCH = YES;
				"CODE_SIGN_IDENTITY[sdk=iphoneos*]" = "iPhone Developer";
				COPY_PHASE_STRIP = NO;
				DEBUG_INFORMATION_FORMAT = "dwarf-with-dsym";
				ENABLE_STRICT_OBJC_MSGSEND = YES;
				GCC_C_LANGUAGE_STANDARD = gnu99;
				GCC_DYNAMIC_NO_PIC = NO;
				GCC_NO_COMMON_BLOCKS = YES;
				GCC_OPTIMIZATION_LEVEL = 0;
				GCC_PREPROCESSOR_DEFINITIONS = (
					"DEBUG=1",
					"$(inherited)",
				);
				GCC_SYMBOLS_PRIVATE_EXTERN = NO;
				GCC_WARN_64_TO_32_BIT_CONVERSION = YES;
				GCC_WARN_ABOUT_RETURN_TYPE = YES_ERROR;
				GCC_WARN_UNDECLARED_SELECTOR = YES;
				GCC_WARN_UNINITIALIZED_AUTOS = YES_AGGRESSIVE;
				GCC_WARN_UNUSED_FUNCTION = YES;
				GCC_WARN_UNUSED_VARIABLE = YES;
				IPHONEOS_DEPLOYMENT_TARGET = 8.3;
				MTL_ENABLE_DEBUG_INFO = YES;
				ONLY_ACTIVE_ARCH = YES;
				SDKROOT = iphoneos;
			};
			name = Debug;
		};
		794784431AEFFAB200DAD94E /* Release */ = {
			isa = XCBuildConfiguration;
			buildSettings = {
				ALWAYS_SEARCH_USER_PATHS = NO;
				CLANG_CXX_LANGUAGE_STANDARD = "gnu++0x";
				CLANG_CXX_LIBRARY = "libc++";
				CLANG_ENABLE_MODULES = YES;
				CLANG_ENABLE_OBJC_ARC = YES;
				CLANG_WARN_BOOL_CONVERSION = YES;
				CLANG_WARN_CONSTANT_CONVERSION = YES;
				CLANG_WARN_DIRECT_OBJC_ISA_USAGE = YES_ERROR;
				CLANG_WARN_EMPTY_BODY = YES;
				CLANG_WARN_ENUM_CONVERSION = YES;
				CLANG_WARN_INT_CONVERSION = YES;
				CLANG_WARN_OBJC_ROOT_CLASS = YES_ERROR;
				CLANG_WARN_UNREACHABLE_CODE = YES;
				CLANG_WARN__DUPLICATE_METHOD_MATCH = YES;
				"CODE_SIGN_IDENTITY[sdk=iphoneos*]" = "iPhone Developer";
				COPY_PHASE_STRIP = NO;
				DEBUG_INFORMATION_FORMAT = "dwarf-with-dsym";
				ENABLE_NS_ASSERTIONS = NO;
				ENABLE_STRICT_OBJC_MSGSEND = YES;
				GCC_C_LANGUAGE_STANDARD = gnu99;
				GCC_NO_COMMON_BLOCKS = YES;
				GCC_WARN_64_TO_32_BIT_CONVERSION = YES;
				GCC_WARN_ABOUT_RETURN_TYPE = YES_ERROR;
				GCC_WARN_UNDECLARED_SELECTOR = YES;
				GCC_WARN_UNINITIALIZED_AUTOS = YES_AGGRESSIVE;
				GCC_WARN_UNUSED_FUNCTION = YES;
				GCC_WARN_UNUSED_VARIABLE = YES;
				IPHONEOS_DEPLOYMENT_TARGET = 8.3;
				MTL_ENABLE_DEBUG_INFO = NO;
				SDKROOT = iphoneos;
				VALIDATE_PRODUCT = YES;
			};
			name = Release;
		};
		794784451AEFFAB200DAD94E /* Debug */ = {
			isa = XCBuildConfiguration;
			baseConfigurationReference = 106D151F650052CB3075C04C /* Pods-Jinkings.debug.xcconfig */;
			buildSettings = {
				ASSETCATALOG_COMPILER_APPICON_NAME = AppIcon;
				INFOPLIST_FILE = Jinkings/Info.plist;
				LD_RUNPATH_SEARCH_PATHS = "$(inherited) @executable_path/Frameworks";
				PRODUCT_NAME = "$(TARGET_NAME)";
			};
			name = Debug;
		};
		794784461AEFFAB200DAD94E /* Release */ = {
			isa = XCBuildConfiguration;
			baseConfigurationReference = 65C0ABF3F82B6EBCA22AF590 /* Pods-Jinkings.release.xcconfig */;
			buildSettings = {
				ASSETCATALOG_COMPILER_APPICON_NAME = AppIcon;
				INFOPLIST_FILE = Jinkings/Info.plist;
				LD_RUNPATH_SEARCH_PATHS = "$(inherited) @executable_path/Frameworks";
				PRODUCT_NAME = "$(TARGET_NAME)";
			};
			name = Release;
		};
		794784481AEFFAB200DAD94E /* Debug */ = {
			isa = XCBuildConfiguration;
			buildSettings = {
				BUNDLE_LOADER = "$(TEST_HOST)";
				FRAMEWORK_SEARCH_PATHS = (
					"$(SDKROOT)/Developer/Library/Frameworks",
					"$(inherited)",
				);
				GCC_PREPROCESSOR_DEFINITIONS = (
					"DEBUG=1",
					"$(inherited)",
				);
				INFOPLIST_FILE = JinkingsTests/Info.plist;
				LD_RUNPATH_SEARCH_PATHS = "$(inherited) @executable_path/Frameworks @loader_path/Frameworks";
				PRODUCT_NAME = "$(TARGET_NAME)";
				TEST_HOST = "$(BUILT_PRODUCTS_DIR)/Jinkings.app/Jinkings";
			};
			name = Debug;
		};
		794784491AEFFAB200DAD94E /* Release */ = {
			isa = XCBuildConfiguration;
			buildSettings = {
				BUNDLE_LOADER = "$(TEST_HOST)";
				FRAMEWORK_SEARCH_PATHS = (
					"$(SDKROOT)/Developer/Library/Frameworks",
					"$(inherited)",
				);
				INFOPLIST_FILE = JinkingsTests/Info.plist;
				LD_RUNPATH_SEARCH_PATHS = "$(inherited) @executable_path/Frameworks @loader_path/Frameworks";
				PRODUCT_NAME = "$(TARGET_NAME)";
				TEST_HOST = "$(BUILT_PRODUCTS_DIR)/Jinkings.app/Jinkings";
			};
			name = Release;
		};
/* End XCBuildConfiguration section */

/* Begin XCConfigurationList section */
		794784161AEFFAB100DAD94E /* Build configuration list for PBXProject "Jinkings" */ = {
			isa = XCConfigurationList;
			buildConfigurations = (
				794784421AEFFAB200DAD94E /* Debug */,
				794784431AEFFAB200DAD94E /* Release */,
			);
			defaultConfigurationIsVisible = 0;
			defaultConfigurationName = Release;
		};
		794784441AEFFAB200DAD94E /* Build configuration list for PBXNativeTarget "Jinkings" */ = {
			isa = XCConfigurationList;
			buildConfigurations = (
				794784451AEFFAB200DAD94E /* Debug */,
				794784461AEFFAB200DAD94E /* Release */,
			);
			defaultConfigurationIsVisible = 0;
			defaultConfigurationName = Release;
		};
		794784471AEFFAB200DAD94E /* Build configuration list for PBXNativeTarget "JinkingsTests" */ = {
			isa = XCConfigurationList;
			buildConfigurations = (
				794784481AEFFAB200DAD94E /* Debug */,
				794784491AEFFAB200DAD94E /* Release */,
			);
			defaultConfigurationIsVisible = 0;
			defaultConfigurationName = Release;
		};
/* End XCConfigurationList section */

/* Begin XCVersionGroup section */
		794784251AEFFAB200DAD94E /* Jinkings.xcdatamodeld */ = {
			isa = XCVersionGroup;
			children = (
				794784261AEFFAB200DAD94E /* Jinkings.xcdatamodel */,
			);
			currentVersion = 794784261AEFFAB200DAD94E /* Jinkings.xcdatamodel */;
			path = Jinkings.xcdatamodeld;
			sourceTree = "<group>";
			versionGroupType = wrapper.xcdatamodel;
		};
/* End XCVersionGroup section */
	};
	rootObject = 794784131AEFFAB100DAD94E /* Project object */;
}
